// !$*UTF8*$!
{
	archiveVersion = 1;
	classes = {
	};
	objectVersion = 48;
	objects = {

/* Begin PBXBuildFile section */
		755B65701FED176700F6EF65 /* AppDelegate.swift in Sources */ = {isa = PBXBuildFile; fileRef = 755B656F1FED176700F6EF65 /* AppDelegate.swift */; };
		755B65721FED176700F6EF65 /* ViewController.swift in Sources */ = {isa = PBXBuildFile; fileRef = 755B65711FED176700F6EF65 /* ViewController.swift */; };
		755B65751FED176700F6EF65 /* Main.storyboard in Resources */ = {isa = PBXBuildFile; fileRef = 755B65731FED176700F6EF65 /* Main.storyboard */; };
		755B65781FED176700F6EF65 /* Core_Data_File_manager.xcdatamodeld in Sources */ = {isa = PBXBuildFile; fileRef = 755B65761FED176700F6EF65 /* Core_Data_File_manager.xcdatamodeld */; };
		755B657A1FED176700F6EF65 /* Assets.xcassets in Resources */ = {isa = PBXBuildFile; fileRef = 755B65791FED176700F6EF65 /* Assets.xcassets */; };
		755B657D1FED176700F6EF65 /* LaunchScreen.storyboard in Resources */ = {isa = PBXBuildFile; fileRef = 755B657B1FED176700F6EF65 /* LaunchScreen.storyboard */; };
		755B658B1FED1F5800F6EF65 /* TVCell.swift in Sources */ = {isa = PBXBuildFile; fileRef = 755B65891FED1F5800F6EF65 /* TVCell.swift */; };
		755B658C1FED1F5800F6EF65 /* TVCell.xib in Resources */ = {isa = PBXBuildFile; fileRef = 755B658A1FED1F5800F6EF65 /* TVCell.xib */; };
		755B658E1FED22A800F6EF65 /* PDCache.swift in Sources */ = {isa = PBXBuildFile; fileRef = 755B658D1FED22A800F6EF65 /* PDCache.swift */; };
		755B65901FED236C00F6EF65 /* img.png in Resources */ = {isa = PBXBuildFile; fileRef = 755B658F1FED236C00F6EF65 /* img.png */; };
/* End PBXBuildFile section */

/* Begin PBXFileReference section */
		755B656C1FED176700F6EF65 /* Core_Data_File_manager.app */ = {isa = PBXFileReference; explicitFileType = wrapper.application; includeInIndex = 0; path = Core_Data_File_manager.app; sourceTree = BUILT_PRODUCTS_DIR; };
		755B656F1FED176700F6EF65 /* AppDelegate.swift */ = {isa = PBXFileReference; lastKnownFileType = sourcecode.swift; path = AppDelegate.swift; sourceTree = "<group>"; };
		755B65711FED176700F6EF65 /* ViewController.swift */ = {isa = PBXFileReference; lastKnownFileType = sourcecode.swift; path = ViewController.swift; sourceTree = "<group>"; };
		755B65741FED176700F6EF65 /* Base */ = {isa = PBXFileReference; lastKnownFileType = file.storyboard; name = Base; path = Base.lproj/Main.storyboard; sourceTree = "<group>"; };
		755B65771FED176700F6EF65 /* Core_Data_File_manager.xcdatamodel */ = {isa = PBXFileReference; lastKnownFileType = wrapper.xcdatamodel; path = Core_Data_File_manager.xcdatamodel; sourceTree = "<group>"; };
		755B65791FED176700F6EF65 /* Assets.xcassets */ = {isa = PBXFileReference; lastKnownFileType = folder.assetcatalog; path = Assets.xcassets; sourceTree = "<group>"; };
		755B657C1FED176700F6EF65 /* Base */ = {isa = PBXFileReference; lastKnownFileType = file.storyboard; name = Base; path = Base.lproj/LaunchScreen.storyboard; sourceTree = "<group>"; };
		755B657E1FED176700F6EF65 /* Info.plist */ = {isa = PBXFileReference; lastKnownFileType = text.plist.xml; path = Info.plist; sourceTree = "<group>"; };
		755B65891FED1F5800F6EF65 /* TVCell.swift */ = {isa = PBXFileReference; lastKnownFileType = sourcecode.swift; path = TVCell.swift; sourceTree = "<group>"; };
		755B658A1FED1F5800F6EF65 /* TVCell.xib */ = {isa = PBXFileReference; lastKnownFileType = file.xib; path = TVCell.xib; sourceTree = "<group>"; };
		755B658D1FED22A800F6EF65 /* PDCache.swift */ = {isa = PBXFileReference; lastKnownFileType = sourcecode.swift; path = PDCache.swift; sourceTree = "<group>"; };
		755B658F1FED236C00F6EF65 /* img.png */ = {isa = PBXFileReference; lastKnownFileType = image.png; path = img.png; sourceTree = "<group>"; };
/* End PBXFileReference section */

/* Begin PBXFrameworksBuildPhase section */
		755B65691FED176700F6EF65 /* Frameworks */ = {
			isa = PBXFrameworksBuildPhase;
			buildActionMask = 2147483647;
			files = (
			);
			runOnlyForDeploymentPostprocessing = 0;
		};
/* End PBXFrameworksBuildPhase section */

/* Begin PBXGroup section */
		755B65631FED176700F6EF65 = {
			isa = PBXGroup;
			children = (
				755B656E1FED176700F6EF65 /* Core_Data_File_manager */,
				755B656D1FED176700F6EF65 /* Products */,
			);
			sourceTree = "<group>";
		};
		755B656D1FED176700F6EF65 /* Products */ = {
			isa = PBXGroup;
			children = (
				755B656C1FED176700F6EF65 /* Core_Data_File_manager.app */,
			);
			name = Products;
			sourceTree = "<group>";
		};
		755B656E1FED176700F6EF65 /* Core_Data_File_manager */ = {
			isa = PBXGroup;
			children = (
				755B656F1FED176700F6EF65 /* AppDelegate.swift */,
				755B657E1FED176700F6EF65 /* Info.plist */,
				755B65791FED176700F6EF65 /* Assets.xcassets */,
				755B65881FED1F3000F6EF65 /* SupportingFiles */,
				755B65871FED1EC100F6EF65 /* StoryBoard */,
				755B65861FED1EA000F6EF65 /* ViewController */,
				755B65761FED176700F6EF65 /* Core_Data_File_manager.xcdatamodeld */,
			);
			path = Core_Data_File_manager;
			sourceTree = "<group>";
		};
		755B65841FED1E7D00F6EF65 /* TVCell */ = {
			isa = PBXGroup;
			children = (
				755B65891FED1F5800F6EF65 /* TVCell.swift */,
				755B658A1FED1F5800F6EF65 /* TVCell.xib */,
			);
			path = TVCell;
			sourceTree = "<group>";
		};
		755B65861FED1EA000F6EF65 /* ViewController */ = {
			isa = PBXGroup;
			children = (
				755B65711FED176700F6EF65 /* ViewController.swift */,
				755B65841FED1E7D00F6EF65 /* TVCell */,
			);
			path = ViewController;
			sourceTree = "<group>";
		};
		755B65871FED1EC100F6EF65 /* StoryBoard */ = {
			isa = PBXGroup;
			children = (
				755B65731FED176700F6EF65 /* Main.storyboard */,
				755B657B1FED176700F6EF65 /* LaunchScreen.storyboard */,
			);
			path = StoryBoard;
			sourceTree = "<group>";
		};
		755B65881FED1F3000F6EF65 /* SupportingFiles */ = {
			isa = PBXGroup;
			children = (
				755B658F1FED236C00F6EF65 /* img.png */,
				755B658D1FED22A800F6EF65 /* PDCache.swift */,
			);
			path = SupportingFiles;
			sourceTree = "<group>";
		};
/* End PBXGroup section */

/* Begin PBXNativeTarget section */
		755B656B1FED176700F6EF65 /* Core_Data_File_manager */ = {
			isa = PBXNativeTarget;
			buildConfigurationList = 755B65811FED176700F6EF65 /* Build configuration list for PBXNativeTarget "Core_Data_File_manager" */;
			buildPhases = (
				755B65681FED176700F6EF65 /* Sources */,
				755B65691FED176700F6EF65 /* Frameworks */,
				755B656A1FED176700F6EF65 /* Resources */,
			);
			buildRules = (
			);
			dependencies = (
			);
			name = Core_Data_File_manager;
			productName = Core_Data_File_manager;
			productReference = 755B656C1FED176700F6EF65 /* Core_Data_File_manager.app */;
			productType = "com.apple.product-type.application";
		};
/* End PBXNativeTarget section */

/* Begin PBXProject section */
		755B65641FED176700F6EF65 /* Project object */ = {
			isa = PBXProject;
			attributes = {
				LastSwiftUpdateCheck = 0920;
				LastUpgradeCheck = 0920;
				ORGANIZATIONNAME = ParthSoni;
				TargetAttributes = {
					755B656B1FED176700F6EF65 = {
						CreatedOnToolsVersion = 9.2;
						ProvisioningStyle = Manual;
					};
				};
			};
			buildConfigurationList = 755B65671FED176700F6EF65 /* Build configuration list for PBXProject "Core_Data_File_manager" */;
			compatibilityVersion = "Xcode 8.0";
			developmentRegion = en;
			hasScannedForEncodings = 0;
			knownRegions = (
				en,
				Base,
			);
			mainGroup = 755B65631FED176700F6EF65;
			productRefGroup = 755B656D1FED176700F6EF65 /* Products */;
			projectDirPath = "";
			projectRoot = "";
			targets = (
				755B656B1FED176700F6EF65 /* Core_Data_File_manager */,
			);
		};
/* End PBXProject section */

/* Begin PBXResourcesBuildPhase section */
		755B656A1FED176700F6EF65 /* Resources */ = {
			isa = PBXResourcesBuildPhase;
			buildActionMask = 2147483647;
			files = (
				755B65901FED236C00F6EF65 /* img.png in Resources */,
				755B657D1FED176700F6EF65 /* LaunchScreen.storyboard in Resources */,
				755B658C1FED1F5800F6EF65 /* TVCell.xib in Resources */,
				755B657A1FED176700F6EF65 /* Assets.xcassets in Resources */,
				755B65751FED176700F6EF65 /* Main.storyboard in Resources */,
			);
			runOnlyForDeploymentPostprocessing = 0;
		};
/* End PBXResourcesBuildPhase section */

/* Begin PBXSourcesBuildPhase section */
		755B65681FED176700F6EF65 /* Sources */ = {
			isa = PBXSourcesBuildPhase;
			buildActionMask = 2147483647;
			files = (
				755B65721FED176700F6EF65 /* ViewController.swift in Sources */,
				755B658B1FED1F5800F6EF65 /* TVCell.swift in Sources */,
				755B65781FED176700F6EF65 /* Core_Data_File_manager.xcdatamodeld in Sources */,
				755B658E1FED22A800F6EF65 /* PDCache.swift in Sources */,
				755B65701FED176700F6EF65 /* AppDelegate.swift in Sources */,
			);
			runOnlyForDeploymentPostprocessing = 0;
		};
/* End PBXSourcesBuildPhase section */

/* Begin PBXVariantGroup section */
		755B65731FED176700F6EF65 /* Main.storyboard */ = {
			isa = PBXVariantGroup;
			children = (
				755B65741FED176700F6EF65 /* Base */,
			);
			name = Main.storyboard;
			sourceTree = "<group>";
		};
		755B657B1FED176700F6EF65 /* LaunchScreen.storyboard */ = {
			isa = PBXVariantGroup;
			children = (
				755B657C1FED176700F6EF65 /* Base */,
			);
			name = LaunchScreen.storyboard;
			sourceTree = "<group>";
		};
/* End PBXVariantGroup section */

/* Begin XCBuildConfiguration section */
		755B657F1FED176700F6EF65 /* Debug */ = {
			isa = XCBuildConfiguration;
			buildSettings = {
				ALWAYS_SEARCH_USER_PATHS = NO;
				CLANG_ANALYZER_NONNULL = YES;
				CLANG_ANALYZER_NUMBER_OBJECT_CONVERSION = YES_AGGRESSIVE;
				CLANG_CXX_LANGUAGE_STANDARD = "gnu++14";
				CLANG_CXX_LIBRARY = "libc++";
				CLANG_ENABLE_MODULES = YES;
				CLANG_ENABLE_OBJC_ARC = YES;
				CLANG_WARN_BLOCK_CAPTURE_AUTORELEASING = YES;
				CLANG_WARN_BOOL_CONVERSION = YES;
				CLANG_WARN_COMMA = YES;
				CLANG_WARN_CONSTANT_CONVERSION = YES;
				CLANG_WARN_DIRECT_OBJC_ISA_USAGE = YES_ERROR;
				CLANG_WARN_DOCUMENTATION_COMMENTS = YES;
				CLANG_WARN_EMPTY_BODY = YES;
				CLANG_WARN_ENUM_CONVERSION = YES;
				CLANG_WARN_INFINITE_RECURSION = YES;
				CLANG_WARN_INT_CONVERSION = YES;
				CLANG_WARN_NON_LITERAL_NULL_CONVERSION = YES;
				CLANG_WARN_OBJC_LITERAL_CONVERSION = YES;
				CLANG_WARN_OBJC_ROOT_CLASS = YES_ERROR;
				CLANG_WARN_RANGE_LOOP_ANALYSIS = YES;
				CLANG_WARN_STRICT_PROTOTYPES = YES;
				CLANG_WARN_SUSPICIOUS_MOVE = YES;
				CLANG_WARN_UNGUARDED_AVAILABILITY = YES_AGGRESSIVE;
				CLANG_WARN_UNREACHABLE_CODE = YES;
				CLANG_WARN__DUPLICATE_METHOD_MATCH = YES;
				CODE_SIGN_IDENTITY = "iPhone Developer";
				COPY_PHASE_STRIP = NO;
				DEBUG_INFORMATION_FORMAT = dwarf;
				ENABLE_STRICT_OBJC_MSGSEND = YES;
				ENABLE_TESTABILITY = YES;
				GCC_C_LANGUAGE_STANDARD = gnu11;
				GCC_DYNAMIC_NO_PIC = NO;
				GCC_NO_COMMON_BLOCKS = YES;
				GCC_OPTIMIZATION_LEVEL = 0;
				GCC_PREPROCESSOR_DEFINITIONS = (
					"DEBUG=1",
					"$(inherited)",
				);
				GCC_WARN_64_TO_32_BIT_CONVERSION = YES;
				GCC_WARN_ABOUT_RETURN_TYPE = YES_ERROR;
				GCC_WARN_UNDECLARED_SELECTOR = YES;
				GCC_WARN_UNINITIALIZED_AUTOS = YES_AGGRESSIVE;
				GCC_WARN_UNUSED_FUNCTION = YES;
				GCC_WARN_UNUSED_VARIABLE = YES;
				IPHONEOS_DEPLOYMENT_TARGET = 11.2;
				MTL_ENABLE_DEBUG_INFO = YES;
				ONLY_ACTIVE_ARCH = YES;
				SDKROOT = iphoneos;
				SWIFT_ACTIVE_COMPILATION_CONDITIONS = DEBUG;
				SWIFT_OPTIMIZATION_LEVEL = "-Onone";
			};
			name = Debug;
		};
		755B65801FED176700F6EF65 /* Release */ = {
			isa = XCBuildConfiguration;
			buildSettings = {
				ALWAYS_SEARCH_USER_PATHS = NO;
				CLANG_ANALYZER_NONNULL = YES;
				CLANG_ANALYZER_NUMBER_OBJECT_CONVERSION = YES_AGGRESSIVE;
				CLANG_CXX_LANGUAGE_STANDARD = "gnu++14";
				CLANG_CXX_LIBRARY = "libc++";
				CLANG_ENABLE_MODULES = YES;
				CLANG_ENABLE_OBJC_ARC = YES;
				CLANG_WARN_BLOCK_CAPTURE_AUTORELEASING = YES;
				CLANG_WARN_BOOL_CONVERSION = YES;
				CLANG_WARN_COMMA = YES;
				CLANG_WARN_CONSTANT_CONVERSION = YES;
				CLANG_WARN_DIRECT_OBJC_ISA_USAGE = YES_ERROR;
				CLANG_WARN_DOCUMENTATION_COMMENTS = YES;
				CLANG_WARN_EMPTY_BODY = YES;
				CLANG_WARN_ENUM_CONVERSION = YES;
				CLANG_WARN_INFINITE_RECURSION = YES;
				CLANG_WARN_INT_CONVERSION = YES;
				CLANG_WARN_NON_LITERAL_NULL_CONVERSION = YES;
				CLANG_WARN_OBJC_LITERAL_CONVERSION = YES;
				CLANG_WARN_OBJC_ROOT_CLASS = YES_ERROR;
				CLANG_WARN_RANGE_LOOP_ANALYSIS = YES;
				CLANG_WARN_STRICT_PROTOTYPES = YES;
				CLANG_WARN_SUSPICIOUS_MOVE = YES;
				CLANG_WARN_UNGUARDED_AVAILABILITY = YES_AGGRESSIVE;
				CLANG_WARN_UNREACHABLE_CODE = YES;
				CLANG_WARN__DUPLICATE_METHOD_MATCH = YES;
				CODE_SIGN_IDENTITY = "iPhone Developer";
				COPY_PHASE_STRIP = NO;
				DEBUG_INFORMATION_FORMAT = "dwarf-with-dsym";
				ENABLE_NS_ASSERTIONS = NO;
				ENABLE_STRICT_OBJC_MSGSEND = YES;
				GCC_C_LANGUAGE_STANDARD = gnu11;
				GCC_NO_COMMON_BLOCKS = YES;
				GCC_WARN_64_TO_32_BIT_CONVERSION = YES;
				GCC_WARN_ABOUT_RETURN_TYPE = YES_ERROR;
				GCC_WARN_UNDECLARED_SELECTOR = YES;
				GCC_WARN_UNINITIALIZED_AUTOS = YES_AGGRESSIVE;
				GCC_WARN_UNUSED_FUNCTION = YES;
				GCC_WARN_UNUSED_VARIABLE = YES;
				IPHONEOS_DEPLOYMENT_TARGET = 11.2;
				MTL_ENABLE_DEBUG_INFO = NO;
				SDKROOT = iphoneos;
				SWIFT_OPTIMIZATION_LEVEL = "-Owholemodule";
				VALIDATE_PRODUCT = YES;
			};
			name = Release;
		};
		755B65821FED176700F6EF65 /* Debug */ = {
			isa = XCBuildConfiguration;
			buildSettings = {
				ASSETCATALOG_COMPILER_APPICON_NAME = AppIcon;
				CODE_SIGN_STYLE = Manual;
				DEVELOPMENT_TEAM = "";
				INFOPLIST_FILE = Core_Data_File_manager/Info.plist;
				LD_RUNPATH_SEARCH_PATHS = "$(inherited) @executable_path/Frameworks";
				PRODUCT_BUNDLE_IDENTIFIER = "com.Csoft.Core-Data-File-manager";
				PRODUCT_NAME = "$(TARGET_NAME)";
				PROVISIONING_PROFILE_SPECIFIER = "";
				SWIFT_VERSION = 4.0;
				TARGETED_DEVICE_FAMILY = "1,2";
			};
			name = Debug;
		};
		755B65831FED176700F6EF65 /* Release */ = {
			isa = XCBuildConfiguration;
			buildSettings = {
				ASSETCATALOG_COMPILER_APPICON_NAME = AppIcon;
				CODE_SIGN_STYLE = Manual;
				DEVELOPMENT_TEAM = "";
				INFOPLIST_FILE = Core_Data_File_manager/Info.plist;
				LD_RUNPATH_SEARCH_PATHS = "$(inherited) @executable_path/Frameworks";
				PRODUCT_BUNDLE_IDENTIFIER = "com.Csoft.Core-Data-File-manager";
				PRODUCT_NAME = "$(TARGET_NAME)";
				PROVISIONING_PROFILE_SPECIFIER = "";
				SWIFT_VERSION = 4.0;
				TARGETED_DEVICE_FAMILY = "1,2";
			};
			name = Release;
		};
/* End XCBuildConfiguration section */

/* Begin XCConfigurationList section */
		755B65671FED176700F6EF65 /* Build configuration list for PBXProject "Core_Data_File_manager" */ = {
			isa = XCConfigurationList;
			buildConfigurations = (
				755B657F1FED176700F6EF65 /* Debug */,
				755B65801FED176700F6EF65 /* Release */,
			);
			defaultConfigurationIsVisible = 0;
			defaultConfigurationName = Release;
		};
		755B65811FED176700F6EF65 /* Build configuration list for PBXNativeTarget "Core_Data_File_manager" */ = {
			isa = XCConfigurationList;
			buildConfigurations = (
				755B65821FED176700F6EF65 /* Debug */,
				755B65831FED176700F6EF65 /* Release */,
			);
			defaultConfigurationIsVisible = 0;
			defaultConfigurationName = Release;
		};
/* End XCConfigurationList section */

/* Begin XCVersionGroup section */
		755B65761FED176700F6EF65 /* Core_Data_File_manager.xcdatamodeld */ = {
			isa = XCVersionGroup;
			children = (
				755B65771FED176700F6EF65 /* Core_Data_File_manager.xcdatamodel */,
			);
			currentVersion = 755B65771FED176700F6EF65 /* Core_Data_File_manager.xcdatamodel */;
			path = Core_Data_File_manager.xcdatamodeld;
			sourceTree = "<group>";
			versionGroupType = wrapper.xcdatamodel;
		};
/* End XCVersionGroup section */
	};
	rootObject = 755B65641FED176700F6EF65 /* Project object */;
}
